// !$*UTF8*$!
{
	archiveVersion = 1;
	classes = {
	};
	objectVersion = 50;
	objects = {

/* Begin PBXBuildFile section */
		065F8A0D528AD02EF9C8BC4A /* Pods_ISPMIOT.framework in Frameworks */ = {isa = PBXBuildFile; fileRef = C5ABE312638DE68216D940B0 /* Pods_ISPMIOT.framework */; };
		9800886421D1E00B00C9CC91 /* Optional+Extension.swift in Sources */ = {isa = PBXBuildFile; fileRef = 9800886321D1E00B00C9CC91 /* Optional+Extension.swift */; };
		9800886821D1FDE200C9CC91 /* ChartsCell.swift in Sources */ = {isa = PBXBuildFile; fileRef = 9800886721D1FDE200C9CC91 /* ChartsCell.swift */; };
		9800886A21D1FDEE00C9CC91 /* ChartsCell.xib in Resources */ = {isa = PBXBuildFile; fileRef = 9800886921D1FDEE00C9CC91 /* ChartsCell.xib */; };
		9800886C21D2061800C9CC91 /* BalloonMarker.swift in Sources */ = {isa = PBXBuildFile; fileRef = 9800886B21D2061800C9CC91 /* BalloonMarker.swift */; };
		980088C221D3214F00C9CC91 /* XLProgressView.m in Sources */ = {isa = PBXBuildFile; fileRef = 980088A221D3214F00C9CC91 /* XLProgressView.m */; };
		980088C321D3214F00C9CC91 /* UIView+XLExtension.m in Sources */ = {isa = PBXBuildFile; fileRef = 980088A421D3214F00C9CC91 /* UIView+XLExtension.m */; };
		980088C421D3214F00C9CC91 /* UIImage+XLExtension.m in Sources */ = {isa = PBXBuildFile; fileRef = 980088A721D3214F00C9CC91 /* UIImage+XLExtension.m */; };
		980088C521D3214F00C9CC91 /* XLZoomingScrollView.m in Sources */ = {isa = PBXBuildFile; fileRef = 980088A921D3214F00C9CC91 /* XLZoomingScrollView.m */; };
		980088C621D3214F00C9CC91 /* XLPhotoBrowser.m in Sources */ = {isa = PBXBuildFile; fileRef = 980088AA21D3214F00C9CC91 /* XLPhotoBrowser.m */; };
		980088C721D3214F00C9CC91 /* FSActionSheet_cancel@3x.png in Resources */ = {isa = PBXBuildFile; fileRef = 980088B121D3214F00C9CC91 /* FSActionSheet_cancel@3x.png */; };
		980088C821D3214F00C9CC91 /* FSActionSheet_cancel@2x.png in Resources */ = {isa = PBXBuildFile; fileRef = 980088B221D3214F00C9CC91 /* FSActionSheet_cancel@2x.png */; };
		980088C921D3214F00C9CC91 /* FSActionSheetConfig.m in Sources */ = {isa = PBXBuildFile; fileRef = 980088B321D3214F00C9CC91 /* FSActionSheetConfig.m */; };
		980088CA21D3214F00C9CC91 /* FSActionSheet.m in Sources */ = {isa = PBXBuildFile; fileRef = 980088B421D3214F00C9CC91 /* FSActionSheet.m */; };
		980088CB21D3214F00C9CC91 /* FSActionSheetCell.m in Sources */ = {isa = PBXBuildFile; fileRef = 980088B521D3214F00C9CC91 /* FSActionSheetCell.m */; };
		980088CC21D3214F00C9CC91 /* FSActionSheetItem.m in Sources */ = {isa = PBXBuildFile; fileRef = 980088B621D3214F00C9CC91 /* FSActionSheetItem.m */; };
		980088CD21D3214F00C9CC91 /* TADotView.m in Sources */ = {isa = PBXBuildFile; fileRef = 980088BB21D3214F00C9CC91 /* TADotView.m */; };
		980088CE21D3214F00C9CC91 /* TAPageControl.m in Sources */ = {isa = PBXBuildFile; fileRef = 980088BC21D3214F00C9CC91 /* TAPageControl.m */; };
		980088CF21D3214F00C9CC91 /* TAAnimatedDotView.m in Sources */ = {isa = PBXBuildFile; fileRef = 980088BD21D3214F00C9CC91 /* TAAnimatedDotView.m */; };
		980088D021D3214F00C9CC91 /* TAAbstractDotView.m in Sources */ = {isa = PBXBuildFile; fileRef = 980088BE21D3214F00C9CC91 /* TAAbstractDotView.m */; };
		980088D521D3267E00C9CC91 /* PhotoBrowserTool.m in Sources */ = {isa = PBXBuildFile; fileRef = 980088D421D3267E00C9CC91 /* PhotoBrowserTool.m */; };
		980088DB21D3514100C9CC91 /* CameraViewController.swift in Sources */ = {isa = PBXBuildFile; fileRef = 980088DA21D3514100C9CC91 /* CameraViewController.swift */; };
		980088DD21D363DC00C9CC91 /* CameraCollectionViewCell.swift in Sources */ = {isa = PBXBuildFile; fileRef = 980088DC21D363DC00C9CC91 /* CameraCollectionViewCell.swift */; };
		980088DF21D3658200C9CC91 /* CameraCollectionViewCell.xib in Resources */ = {isa = PBXBuildFile; fileRef = 980088DE21D3658200C9CC91 /* CameraCollectionViewCell.xib */; };
		980088E121D366AD00C9CC91 /* UICollectionView+Extension.swift in Sources */ = {isa = PBXBuildFile; fileRef = 980088E021D366AD00C9CC91 /* UICollectionView+Extension.swift */; };
		9806DEFD21BE12FE00B6A367 /* Assets.xcassets in Resources */ = {isa = PBXBuildFile; fileRef = 9806DEFC21BE12FE00B6A367 /* Assets.xcassets */; };
		989EC65721D1BFC20054A997 /* ListItemViewController.swift in Sources */ = {isa = PBXBuildFile; fileRef = 989EC5FC21D1BFC20054A997 /* ListItemViewController.swift */; };
		989EC65821D1BFC20054A997 /* HomeViewController.xib in Resources */ = {isa = PBXBuildFile; fileRef = 989EC5FD21D1BFC20054A997 /* HomeViewController.xib */; };
		989EC65921D1BFC20054A997 /* HomeViewController.swift in Sources */ = {isa = PBXBuildFile; fileRef = 989EC5FE21D1BFC20054A997 /* HomeViewController.swift */; };
		989EC65A21D1BFC20054A997 /* DevicesImgCell.xib in Resources */ = {isa = PBXBuildFile; fileRef = 989EC60121D1BFC20054A997 /* DevicesImgCell.xib */; };
		989EC65B21D1BFC20054A997 /* ListItemTableViewCell.xib in Resources */ = {isa = PBXBuildFile; fileRef = 989EC60221D1BFC20054A997 /* ListItemTableViewCell.xib */; };
		989EC65C21D1BFC20054A997 /* DevicesListCell.xib in Resources */ = {isa = PBXBuildFile; fileRef = 989EC60321D1BFC20054A997 /* DevicesListCell.xib */; };
		989EC65D21D1BFC20054A997 /* ProjectStatusCell.xib in Resources */ = {isa = PBXBuildFile; fileRef = 989EC60421D1BFC20054A997 /* ProjectStatusCell.xib */; };
		989EC65E21D1BFC20054A997 /* ProjectInfoCell.swift in Sources */ = {isa = PBXBuildFile; fileRef = 989EC60521D1BFC20054A997 /* ProjectInfoCell.swift */; };
		989EC65F21D1BFC20054A997 /* ProjectInfoCell.xib in Resources */ = {isa = PBXBuildFile; fileRef = 989EC60621D1BFC20054A997 /* ProjectInfoCell.xib */; };
		989EC66021D1BFC20054A997 /* ListItemTableViewCell.swift in Sources */ = {isa = PBXBuildFile; fileRef = 989EC60721D1BFC20054A997 /* ListItemTableViewCell.swift */; };
		989EC66121D1BFC20054A997 /* DevicesImgCell.swift in Sources */ = {isa = PBXBuildFile; fileRef = 989EC60821D1BFC20054A997 /* DevicesImgCell.swift */; };
		989EC66221D1BFC20054A997 /* ProjectStatusCell.swift in Sources */ = {isa = PBXBuildFile; fileRef = 989EC60921D1BFC20054A997 /* ProjectStatusCell.swift */; };
		989EC66321D1BFC20054A997 /* DevicesListCell.swift in Sources */ = {isa = PBXBuildFile; fileRef = 989EC60A21D1BFC20054A997 /* DevicesListCell.swift */; };
		989EC66421D1BFC20054A997 /* MainTabBarController.swift in Sources */ = {isa = PBXBuildFile; fileRef = 989EC60D21D1BFC20054A997 /* MainTabBarController.swift */; };
		989EC66521D1BFC20054A997 /* AppDelegate.swift in Sources */ = {isa = PBXBuildFile; fileRef = 989EC60F21D1BFC20054A997 /* AppDelegate.swift */; };
		989EC66621D1BFC20054A997 /* Launch.xib in Resources */ = {isa = PBXBuildFile; fileRef = 989EC61121D1BFC20054A997 /* Launch.xib */; };
		989EC66721D1BFC20054A997 /* Extensions.swift in Sources */ = {isa = PBXBuildFile; fileRef = 989EC61621D1BFC20054A997 /* Extensions.swift */; };
		989EC66821D1BFC20054A997 /* Interface.swift in Sources */ = {isa = PBXBuildFile; fileRef = 989EC61821D1BFC20054A997 /* Interface.swift */; };
		989EC66921D1BFC20054A997 /* ServicesConstants.swift in Sources */ = {isa = PBXBuildFile; fileRef = 989EC61921D1BFC20054A997 /* ServicesConstants.swift */; };
		989EC66A21D1BFC20054A997 /* ProjectModel.swift in Sources */ = {isa = PBXBuildFile; fileRef = 989EC61B21D1BFC20054A997 /* ProjectModel.swift */; };
		989EC66B21D1BFC20054A997 /* MonitorModelel.swift in Sources */ = {isa = PBXBuildFile; fileRef = 989EC61C21D1BFC20054A997 /* MonitorModelel.swift */; };
		989EC66C21D1BFC20054A997 /* User.swift in Sources */ = {isa = PBXBuildFile; fileRef = 989EC61D21D1BFC20054A997 /* User.swift */; };
		989EC66D21D1BFC20054A997 /* DevicesModel.swift in Sources */ = {isa = PBXBuildFile; fileRef = 989EC61E21D1BFC20054A997 /* DevicesModel.swift */; };
		989EC66E21D1BFC20054A997 /* UserService.swift in Sources */ = {isa = PBXBuildFile; fileRef = 989EC62021D1BFC20054A997 /* UserService.swift */; };
		989EC66F21D1BFC20054A997 /* ProjectService.swift in Sources */ = {isa = PBXBuildFile; fileRef = 989EC62121D1BFC20054A997 /* ProjectService.swift */; };
		989EC67021D1BFC20054A997 /* Future.swift in Sources */ = {isa = PBXBuildFile; fileRef = 989EC62321D1BFC20054A997 /* Future.swift */; };
		989EC67121D1BFC20054A997 /* NetworkManager.swift in Sources */ = {isa = PBXBuildFile; fileRef = 989EC62421D1BFC20054A997 /* NetworkManager.swift */; };
		989EC67221D1BFC20054A997 /* GraphQLQuery.swift in Sources */ = {isa = PBXBuildFile; fileRef = 989EC62521D1BFC20054A997 /* GraphQLQuery.swift */; };
		989EC67321D1BFC20054A997 /* Try.swift in Sources */ = {isa = PBXBuildFile; fileRef = 989EC62621D1BFC20054A997 /* Try.swift */; };
		989EC67421D1BFC20054A997 /* Promise.swift in Sources */ = {isa = PBXBuildFile; fileRef = 989EC62721D1BFC20054A997 /* Promise.swift */; };
		989EC67521D1BFC20054A997 /* Future+When.swift in Sources */ = {isa = PBXBuildFile; fileRef = 989EC62821D1BFC20054A997 /* Future+When.swift */; };
		989EC67621D1BFC20054A997 /* NetworkConstants.swift in Sources */ = {isa = PBXBuildFile; fileRef = 989EC62921D1BFC20054A997 /* NetworkConstants.swift */; };
		989EC67721D1BFC20054A997 /* BaseViewController.swift in Sources */ = {isa = PBXBuildFile; fileRef = 989EC62C21D1BFC20054A997 /* BaseViewController.swift */; };
		989EC67821D1BFC20054A997 /* BaseNavigationController.swift in Sources */ = {isa = PBXBuildFile; fileRef = 989EC62D21D1BFC20054A997 /* BaseNavigationController.swift */; };
		989EC67921D1BFC20054A997 /* LabelTools.swift in Sources */ = {isa = PBXBuildFile; fileRef = 989EC63021D1BFC20054A997 /* LabelTools.swift */; };
		989EC67A21D1BFC20054A997 /* BaseTableViewCell.swift in Sources */ = {isa = PBXBuildFile; fileRef = 989EC63121D1BFC20054A997 /* BaseTableViewCell.swift */; };
		989EC67B21D1BFC20054A997 /* BaseMainView.swift in Sources */ = {isa = PBXBuildFile; fileRef = 989EC63221D1BFC20054A997 /* BaseMainView.swift */; };
		989EC67C21D1BFC20054A997 /* BaseLabels.swift in Sources */ = {isa = PBXBuildFile; fileRef = 989EC63321D1BFC20054A997 /* BaseLabels.swift */; };
		989EC67D21D1BFC20054A997 /* BaseTableView.swift in Sources */ = {isa = PBXBuildFile; fileRef = 989EC63421D1BFC20054A997 /* BaseTableView.swift */; };
		989EC67E21D1BFC20054A997 /* BaseSecondaryBlueView.swift in Sources */ = {isa = PBXBuildFile; fileRef = 989EC63521D1BFC20054A997 /* BaseSecondaryBlueView.swift */; };
		989EC67F21D1BFC20054A997 /* BaseButton.swift in Sources */ = {isa = PBXBuildFile; fileRef = 989EC63621D1BFC20054A997 /* BaseButton.swift */; };
		989EC68021D1BFC20054A997 /* LoginViewController.xib in Resources */ = {isa = PBXBuildFile; fileRef = 989EC63921D1BFC20054A997 /* LoginViewController.xib */; };
		989EC68121D1BFC20054A997 /* LoginViewController.swift in Sources */ = {isa = PBXBuildFile; fileRef = 989EC63A21D1BFC20054A997 /* LoginViewController.swift */; };
		989EC68221D1BFC20054A997 /* ToolManager.swift in Sources */ = {isa = PBXBuildFile; fileRef = 989EC63F21D1BFC20054A997 /* ToolManager.swift */; };
		989EC68321D1BFC20054A997 /* ReusableCellExtensions.swift in Sources */ = {isa = PBXBuildFile; fileRef = 989EC64121D1BFC20054A997 /* ReusableCellExtensions.swift */; };
		989EC68421D1BFC20054A997 /* UIAlertController+Extension.swift in Sources */ = {isa = PBXBuildFile; fileRef = 989EC64221D1BFC20054A997 /* UIAlertController+Extension.swift */; };
		989EC68521D1BFC20054A997 /* UIFont+Extension.swift in Sources */ = {isa = PBXBuildFile; fileRef = 989EC64321D1BFC20054A997 /* UIFont+Extension.swift */; };
		989EC68621D1BFC20054A997 /* UIColor+Extension.swift in Sources */ = {isa = PBXBuildFile; fileRef = 989EC64421D1BFC20054A997 /* UIColor+Extension.swift */; };
		989EC68721D1BFC20054A997 /* UIView+Extensions.swift in Sources */ = {isa = PBXBuildFile; fileRef = 989EC64521D1BFC20054A997 /* UIView+Extensions.swift */; };
		989EC68821D1BFC20054A997 /* UIImage+Extension.swift in Sources */ = {isa = PBXBuildFile; fileRef = 989EC64621D1BFC20054A997 /* UIImage+Extension.swift */; };
		989EC68921D1BFC20054A997 /* String+Extension.swift in Sources */ = {isa = PBXBuildFile; fileRef = 989EC64721D1BFC20054A997 /* String+Extension.swift */; };
		989EC68A21D1BFC20054A997 /* TopViewController.swift in Sources */ = {isa = PBXBuildFile; fileRef = 989EC64921D1BFC20054A997 /* TopViewController.swift */; };
		989EC68B21D1BFC20054A997 /* Constants.swift in Sources */ = {isa = PBXBuildFile; fileRef = 989EC64B21D1BFC20054A997 /* Constants.swift */; };
		989EC68C21D1BFC20054A997 /* UIDevice+Extension.swift in Sources */ = {isa = PBXBuildFile; fileRef = 989EC64C21D1BFC20054A997 /* UIDevice+Extension.swift */; };
		989EC68D21D1BFC20054A997 /* MyLog.swift in Sources */ = {isa = PBXBuildFile; fileRef = 989EC64D21D1BFC20054A997 /* MyLog.swift */; };
		989EC68E21D1BFC20054A997 /* IOTNotificationCenter.swift in Sources */ = {isa = PBXBuildFile; fileRef = 989EC64E21D1BFC20054A997 /* IOTNotificationCenter.swift */; };
		989EC68F21D1BFC20054A997 /* Future+Extension.swift in Sources */ = {isa = PBXBuildFile; fileRef = 989EC64F21D1BFC20054A997 /* Future+Extension.swift */; };
		989EC69021D1BFC20054A997 /* NibLoadable.swift in Sources */ = {isa = PBXBuildFile; fileRef = 989EC65021D1BFC20054A997 /* NibLoadable.swift */; };
		989EC69121D1BFC20054A997 /* CellBackgroundView.swift in Sources */ = {isa = PBXBuildFile; fileRef = 989EC65221D1BFC20054A997 /* CellBackgroundView.swift */; };
		989EC69221D1BFC20054A997 /* CellBackgroundView.xib in Resources */ = {isa = PBXBuildFile; fileRef = 989EC65321D1BFC20054A997 /* CellBackgroundView.xib */; };
		989EC69821D1C58B0054A997 /* ChartsViewController.swift in Sources */ = {isa = PBXBuildFile; fileRef = 989EC69721D1C58B0054A997 /* ChartsViewController.swift */; };
		98A57A0321D1DA3600D10929 /* UIBarButtonItem+Extension.swift in Sources */ = {isa = PBXBuildFile; fileRef = 98A57A0221D1DA3600D10929 /* UIBarButtonItem+Extension.swift */; };
		98B2294C21D1CE38002FFCFE /* ChartsViewController.xib in Resources */ = {isa = PBXBuildFile; fileRef = 98B2294B21D1CE38002FFCFE /* ChartsViewController.xib */; };
/* End PBXBuildFile section */

/* Begin PBXFileReference section */
		9800886321D1E00B00C9CC91 /* Optional+Extension.swift */ = {isa = PBXFileReference; lastKnownFileType = sourcecode.swift; path = "Optional+Extension.swift"; sourceTree = "<group>"; };
		9800886721D1FDE200C9CC91 /* ChartsCell.swift */ = {isa = PBXFileReference; lastKnownFileType = sourcecode.swift; path = ChartsCell.swift; sourceTree = "<group>"; };
		9800886921D1FDEE00C9CC91 /* ChartsCell.xib */ = {isa = PBXFileReference; lastKnownFileType = file.xib; path = ChartsCell.xib; sourceTree = "<group>"; };
		9800886B21D2061800C9CC91 /* BalloonMarker.swift */ = {isa = PBXFileReference; lastKnownFileType = sourcecode.swift; path = BalloonMarker.swift; sourceTree = "<group>"; };
		980088A021D3214F00C9CC91 /* UIImage+XLExtension.h */ = {isa = PBXFileReference; fileEncoding = 4; lastKnownFileType = sourcecode.c.h; path = "UIImage+XLExtension.h"; sourceTree = "<group>"; };
		980088A121D3214F00C9CC91 /* XLPhotoBrowserConfig.h */ = {isa = PBXFileReference; fileEncoding = 4; lastKnownFileType = sourcecode.c.h; path = XLPhotoBrowserConfig.h; sourceTree = "<group>"; };
		980088A221D3214F00C9CC91 /* XLProgressView.m */ = {isa = PBXFileReference; fileEncoding = 4; lastKnownFileType = sourcecode.c.objc; path = XLProgressView.m; sourceTree = "<group>"; };
		980088A321D3214F00C9CC91 /* XLZoomingScrollView.h */ = {isa = PBXFileReference; fileEncoding = 4; lastKnownFileType = sourcecode.c.h; path = XLZoomingScrollView.h; sourceTree = "<group>"; };
		980088A421D3214F00C9CC91 /* UIView+XLExtension.m */ = {isa = PBXFileReference; fileEncoding = 4; lastKnownFileType = sourcecode.c.objc; path = "UIView+XLExtension.m"; sourceTree = "<group>"; };
		980088A521D3214F00C9CC91 /* XLPhotoBrowser.h */ = {isa = PBXFileReference; fileEncoding = 4; lastKnownFileType = sourcecode.c.h; path = XLPhotoBrowser.h; sourceTree = "<group>"; };
		980088A621D3214F00C9CC91 /* XLProgressView.h */ = {isa = PBXFileReference; fileEncoding = 4; lastKnownFileType = sourcecode.c.h; path = XLProgressView.h; sourceTree = "<group>"; };
		980088A721D3214F00C9CC91 /* UIImage+XLExtension.m */ = {isa = PBXFileReference; fileEncoding = 4; lastKnownFileType = sourcecode.c.objc; path = "UIImage+XLExtension.m"; sourceTree = "<group>"; };
		980088A821D3214F00C9CC91 /* XLPhotoBrowserTypeDefine.h */ = {isa = PBXFileReference; fileEncoding = 4; lastKnownFileType = sourcecode.c.h; path = XLPhotoBrowserTypeDefine.h; sourceTree = "<group>"; };
		980088A921D3214F00C9CC91 /* XLZoomingScrollView.m */ = {isa = PBXFileReference; fileEncoding = 4; lastKnownFileType = sourcecode.c.objc; path = XLZoomingScrollView.m; sourceTree = "<group>"; };
		980088AA21D3214F00C9CC91 /* XLPhotoBrowser.m */ = {isa = PBXFileReference; fileEncoding = 4; lastKnownFileType = sourcecode.c.objc; path = XLPhotoBrowser.m; sourceTree = "<group>"; };
		980088AB21D3214F00C9CC91 /* UIView+XLExtension.h */ = {isa = PBXFileReference; fileEncoding = 4; lastKnownFileType = sourcecode.c.h; path = "UIView+XLExtension.h"; sourceTree = "<group>"; };
		980088AE21D3214F00C9CC91 /* FSActionSheetItem.h */ = {isa = PBXFileReference; fileEncoding = 4; lastKnownFileType = sourcecode.c.h; path = FSActionSheetItem.h; sourceTree = "<group>"; };
		980088AF21D3214F00C9CC91 /* FSActionSheetCell.h */ = {isa = PBXFileReference; fileEncoding = 4; lastKnownFileType = sourcecode.c.h; path = FSActionSheetCell.h; sourceTree = "<group>"; };
		980088B121D3214F00C9CC91 /* FSActionSheet_cancel@3x.png */ = {isa = PBXFileReference; lastKnownFileType = image.png; path = "FSActionSheet_cancel@3x.png"; sourceTree = "<group>"; };
		980088B221D3214F00C9CC91 /* FSActionSheet_cancel@2x.png */ = {isa = PBXFileReference; lastKnownFileType = image.png; path = "FSActionSheet_cancel@2x.png"; sourceTree = "<group>"; };
		980088B321D3214F00C9CC91 /* FSActionSheetConfig.m */ = {isa = PBXFileReference; fileEncoding = 4; lastKnownFileType = sourcecode.c.objc; path = FSActionSheetConfig.m; sourceTree = "<group>"; };
		980088B421D3214F00C9CC91 /* FSActionSheet.m */ = {isa = PBXFileReference; fileEncoding = 4; lastKnownFileType = sourcecode.c.objc; path = FSActionSheet.m; sourceTree = "<group>"; };
		980088B521D3214F00C9CC91 /* FSActionSheetCell.m */ = {isa = PBXFileReference; fileEncoding = 4; lastKnownFileType = sourcecode.c.objc; path = FSActionSheetCell.m; sourceTree = "<group>"; };
		980088B621D3214F00C9CC91 /* FSActionSheetItem.m */ = {isa = PBXFileReference; fileEncoding = 4; lastKnownFileType = sourcecode.c.objc; path = FSActionSheetItem.m; sourceTree = "<group>"; };
		980088B721D3214F00C9CC91 /* FSActionSheetConfig.h */ = {isa = PBXFileReference; fileEncoding = 4; lastKnownFileType = sourcecode.c.h; path = FSActionSheetConfig.h; sourceTree = "<group>"; };
		980088B821D3214F00C9CC91 /* FSActionSheet.h */ = {isa = PBXFileReference; fileEncoding = 4; lastKnownFileType = sourcecode.c.h; path = FSActionSheet.h; sourceTree = "<group>"; };
		980088BA21D3214F00C9CC91 /* TAAbstractDotView.h */ = {isa = PBXFileReference; fileEncoding = 4; lastKnownFileType = sourcecode.c.h; path = TAAbstractDotView.h; sourceTree = "<group>"; };
		980088BB21D3214F00C9CC91 /* TADotView.m */ = {isa = PBXFileReference; fileEncoding = 4; lastKnownFileType = sourcecode.c.objc; path = TADotView.m; sourceTree = "<group>"; };
		980088BC21D3214F00C9CC91 /* TAPageControl.m */ = {isa = PBXFileReference; fileEncoding = 4; lastKnownFileType = sourcecode.c.objc; path = TAPageControl.m; sourceTree = "<group>"; };
		980088BD21D3214F00C9CC91 /* TAAnimatedDotView.m */ = {isa = PBXFileReference; fileEncoding = 4; lastKnownFileType = sourcecode.c.objc; path = TAAnimatedDotView.m; sourceTree = "<group>"; };
		980088BE21D3214F00C9CC91 /* TAAbstractDotView.m */ = {isa = PBXFileReference; fileEncoding = 4; lastKnownFileType = sourcecode.c.objc; path = TAAbstractDotView.m; sourceTree = "<group>"; };
		980088BF21D3214F00C9CC91 /* TADotView.h */ = {isa = PBXFileReference; fileEncoding = 4; lastKnownFileType = sourcecode.c.h; path = TADotView.h; sourceTree = "<group>"; };
		980088C021D3214F00C9CC91 /* TAAnimatedDotView.h */ = {isa = PBXFileReference; fileEncoding = 4; lastKnownFileType = sourcecode.c.h; path = TAAnimatedDotView.h; sourceTree = "<group>"; };
		980088C121D3214F00C9CC91 /* TAPageControl.h */ = {isa = PBXFileReference; fileEncoding = 4; lastKnownFileType = sourcecode.c.h; path = TAPageControl.h; sourceTree = "<group>"; };
		980088D321D3267E00C9CC91 /* PhotoBrowserTool.h */ = {isa = PBXFileReference; lastKnownFileType = sourcecode.c.h; path = PhotoBrowserTool.h; sourceTree = "<group>"; };
		980088D421D3267E00C9CC91 /* PhotoBrowserTool.m */ = {isa = PBXFileReference; lastKnownFileType = sourcecode.c.objc; path = PhotoBrowserTool.m; sourceTree = "<group>"; };
		980088DA21D3514100C9CC91 /* CameraViewController.swift */ = {isa = PBXFileReference; lastKnownFileType = sourcecode.swift; path = CameraViewController.swift; sourceTree = "<group>"; };
		980088DC21D363DC00C9CC91 /* CameraCollectionViewCell.swift */ = {isa = PBXFileReference; lastKnownFileType = sourcecode.swift; path = CameraCollectionViewCell.swift; sourceTree = "<group>"; };
		980088DE21D3658200C9CC91 /* CameraCollectionViewCell.xib */ = {isa = PBXFileReference; lastKnownFileType = file.xib; path = CameraCollectionViewCell.xib; sourceTree = "<group>"; };
		980088E021D366AD00C9CC91 /* UICollectionView+Extension.swift */ = {isa = PBXFileReference; lastKnownFileType = sourcecode.swift; path = "UICollectionView+Extension.swift"; sourceTree = "<group>"; };
		9806DEFC21BE12FE00B6A367 /* Assets.xcassets */ = {isa = PBXFileReference; lastKnownFileType = folder.assetcatalog; path = Assets.xcassets; sourceTree = "<group>"; };
		9877417421BBBE60009A238B /* ISPMIOT.app */ = {isa = PBXFileReference; explicitFileType = wrapper.application; includeInIndex = 0; path = ISPMIOT.app; sourceTree = BUILT_PRODUCTS_DIR; };
		9877418321BBBE62009A238B /* Info.plist */ = {isa = PBXFileReference; lastKnownFileType = text.plist.xml; path = Info.plist; sourceTree = "<group>"; };
		989EC5FC21D1BFC20054A997 /* ListItemViewController.swift */ = {isa = PBXFileReference; fileEncoding = 4; lastKnownFileType = sourcecode.swift; path = ListItemViewController.swift; sourceTree = "<group>"; };
		989EC5FD21D1BFC20054A997 /* HomeViewController.xib */ = {isa = PBXFileReference; fileEncoding = 4; lastKnownFileType = file.xib; path = HomeViewController.xib; sourceTree = "<group>"; };
		989EC5FE21D1BFC20054A997 /* HomeViewController.swift */ = {isa = PBXFileReference; fileEncoding = 4; lastKnownFileType = sourcecode.swift; path = HomeViewController.swift; sourceTree = "<group>"; };
		989EC60121D1BFC20054A997 /* DevicesImgCell.xib */ = {isa = PBXFileReference; fileEncoding = 4; lastKnownFileType = file.xib; path = DevicesImgCell.xib; sourceTree = "<group>"; };
		989EC60221D1BFC20054A997 /* ListItemTableViewCell.xib */ = {isa = PBXFileReference; fileEncoding = 4; lastKnownFileType = file.xib; path = ListItemTableViewCell.xib; sourceTree = "<group>"; };
		989EC60321D1BFC20054A997 /* DevicesListCell.xib */ = {isa = PBXFileReference; fileEncoding = 4; lastKnownFileType = file.xib; path = DevicesListCell.xib; sourceTree = "<group>"; };
		989EC60421D1BFC20054A997 /* ProjectStatusCell.xib */ = {isa = PBXFileReference; fileEncoding = 4; lastKnownFileType = file.xib; path = ProjectStatusCell.xib; sourceTree = "<group>"; };
		989EC60521D1BFC20054A997 /* ProjectInfoCell.swift */ = {isa = PBXFileReference; fileEncoding = 4; lastKnownFileType = sourcecode.swift; path = ProjectInfoCell.swift; sourceTree = "<group>"; };
		989EC60621D1BFC20054A997 /* ProjectInfoCell.xib */ = {isa = PBXFileReference; fileEncoding = 4; lastKnownFileType = file.xib; path = ProjectInfoCell.xib; sourceTree = "<group>"; };
		989EC60721D1BFC20054A997 /* ListItemTableViewCell.swift */ = {isa = PBXFileReference; fileEncoding = 4; lastKnownFileType = sourcecode.swift; path = ListItemTableViewCell.swift; sourceTree = "<group>"; };
		989EC60821D1BFC20054A997 /* DevicesImgCell.swift */ = {isa = PBXFileReference; fileEncoding = 4; lastKnownFileType = sourcecode.swift; path = DevicesImgCell.swift; sourceTree = "<group>"; };
		989EC60921D1BFC20054A997 /* ProjectStatusCell.swift */ = {isa = PBXFileReference; fileEncoding = 4; lastKnownFileType = sourcecode.swift; path = ProjectStatusCell.swift; sourceTree = "<group>"; };
		989EC60A21D1BFC20054A997 /* DevicesListCell.swift */ = {isa = PBXFileReference; fileEncoding = 4; lastKnownFileType = sourcecode.swift; path = DevicesListCell.swift; sourceTree = "<group>"; };
		989EC60D21D1BFC20054A997 /* MainTabBarController.swift */ = {isa = PBXFileReference; fileEncoding = 4; lastKnownFileType = sourcecode.swift; path = MainTabBarController.swift; sourceTree = "<group>"; };
		989EC60F21D1BFC20054A997 /* AppDelegate.swift */ = {isa = PBXFileReference; fileEncoding = 4; lastKnownFileType = sourcecode.swift; path = AppDelegate.swift; sourceTree = "<group>"; };
		989EC61121D1BFC20054A997 /* Launch.xib */ = {isa = PBXFileReference; fileEncoding = 4; lastKnownFileType = file.xib; path = Launch.xib; sourceTree = "<group>"; };
		989EC61321D1BFC20054A997 /* ISPMIOT-Bridging-Header.h */ = {isa = PBXFileReference; fileEncoding = 4; lastKnownFileType = sourcecode.c.h; path = "ISPMIOT-Bridging-Header.h"; sourceTree = "<group>"; };
		989EC61621D1BFC20054A997 /* Extensions.swift */ = {isa = PBXFileReference; fileEncoding = 4; lastKnownFileType = sourcecode.swift; path = Extensions.swift; sourceTree = "<group>"; };
		989EC61821D1BFC20054A997 /* Interface.swift */ = {isa = PBXFileReference; fileEncoding = 4; lastKnownFileType = sourcecode.swift; path = Interface.swift; sourceTree = "<group>"; };
		989EC61921D1BFC20054A997 /* ServicesConstants.swift */ = {isa = PBXFileReference; fileEncoding = 4; lastKnownFileType = sourcecode.swift; path = ServicesConstants.swift; sourceTree = "<group>"; };
		989EC61B21D1BFC20054A997 /* ProjectModel.swift */ = {isa = PBXFileReference; fileEncoding = 4; lastKnownFileType = sourcecode.swift; path = ProjectModel.swift; sourceTree = "<group>"; };
		989EC61C21D1BFC20054A997 /* MonitorModelel.swift */ = {isa = PBXFileReference; fileEncoding = 4; lastKnownFileType = sourcecode.swift; path = MonitorModelel.swift; sourceTree = "<group>"; };
		989EC61D21D1BFC20054A997 /* User.swift */ = {isa = PBXFileReference; fileEncoding = 4; lastKnownFileType = sourcecode.swift; path = User.swift; sourceTree = "<group>"; };
		989EC61E21D1BFC20054A997 /* DevicesModel.swift */ = {isa = PBXFileReference; fileEncoding = 4; lastKnownFileType = sourcecode.swift; path = DevicesModel.swift; sourceTree = "<group>"; };
		989EC62021D1BFC20054A997 /* UserService.swift */ = {isa = PBXFileReference; fileEncoding = 4; lastKnownFileType = sourcecode.swift; path = UserService.swift; sourceTree = "<group>"; };
		989EC62121D1BFC20054A997 /* ProjectService.swift */ = {isa = PBXFileReference; fileEncoding = 4; lastKnownFileType = sourcecode.swift; path = ProjectService.swift; sourceTree = "<group>"; };
		989EC62321D1BFC20054A997 /* Future.swift */ = {isa = PBXFileReference; fileEncoding = 4; lastKnownFileType = sourcecode.swift; path = Future.swift; sourceTree = "<group>"; };
		989EC62421D1BFC20054A997 /* NetworkManager.swift */ = {isa = PBXFileReference; fileEncoding = 4; lastKnownFileType = sourcecode.swift; path = NetworkManager.swift; sourceTree = "<group>"; };
		989EC62521D1BFC20054A997 /* GraphQLQuery.swift */ = {isa = PBXFileReference; fileEncoding = 4; lastKnownFileType = sourcecode.swift; path = GraphQLQuery.swift; sourceTree = "<group>"; };
		989EC62621D1BFC20054A997 /* Try.swift */ = {isa = PBXFileReference; fileEncoding = 4; lastKnownFileType = sourcecode.swift; path = Try.swift; sourceTree = "<group>"; };
		989EC62721D1BFC20054A997 /* Promise.swift */ = {isa = PBXFileReference; fileEncoding = 4; lastKnownFileType = sourcecode.swift; path = Promise.swift; sourceTree = "<group>"; };
		989EC62821D1BFC20054A997 /* Future+When.swift */ = {isa = PBXFileReference; fileEncoding = 4; lastKnownFileType = sourcecode.swift; path = "Future+When.swift"; sourceTree = "<group>"; };
		989EC62921D1BFC20054A997 /* NetworkConstants.swift */ = {isa = PBXFileReference; fileEncoding = 4; lastKnownFileType = sourcecode.swift; path = NetworkConstants.swift; sourceTree = "<group>"; };
		989EC62C21D1BFC20054A997 /* BaseViewController.swift */ = {isa = PBXFileReference; fileEncoding = 4; lastKnownFileType = sourcecode.swift; path = BaseViewController.swift; sourceTree = "<group>"; };
		989EC62D21D1BFC20054A997 /* BaseNavigationController.swift */ = {isa = PBXFileReference; fileEncoding = 4; lastKnownFileType = sourcecode.swift; path = BaseNavigationController.swift; sourceTree = "<group>"; };
		989EC63021D1BFC20054A997 /* LabelTools.swift */ = {isa = PBXFileReference; fileEncoding = 4; lastKnownFileType = sourcecode.swift; path = LabelTools.swift; sourceTree = "<group>"; };
		989EC63121D1BFC20054A997 /* BaseTableViewCell.swift */ = {isa = PBXFileReference; fileEncoding = 4; lastKnownFileType = sourcecode.swift; path = BaseTableViewCell.swift; sourceTree = "<group>"; };
		989EC63221D1BFC20054A997 /* BaseMainView.swift */ = {isa = PBXFileReference; fileEncoding = 4; lastKnownFileType = sourcecode.swift; path = BaseMainView.swift; sourceTree = "<group>"; };
		989EC63321D1BFC20054A997 /* BaseLabels.swift */ = {isa = PBXFileReference; fileEncoding = 4; lastKnownFileType = sourcecode.swift; path = BaseLabels.swift; sourceTree = "<group>"; };
		989EC63421D1BFC20054A997 /* BaseTableView.swift */ = {isa = PBXFileReference; fileEncoding = 4; lastKnownFileType = sourcecode.swift; path = BaseTableView.swift; sourceTree = "<group>"; };
		989EC63521D1BFC20054A997 /* BaseSecondaryBlueView.swift */ = {isa = PBXFileReference; fileEncoding = 4; lastKnownFileType = sourcecode.swift; path = BaseSecondaryBlueView.swift; sourceTree = "<group>"; };
		989EC63621D1BFC20054A997 /* BaseButton.swift */ = {isa = PBXFileReference; fileEncoding = 4; lastKnownFileType = sourcecode.swift; path = BaseButton.swift; sourceTree = "<group>"; };
		989EC63921D1BFC20054A997 /* LoginViewController.xib */ = {isa = PBXFileReference; fileEncoding = 4; lastKnownFileType = file.xib; path = LoginViewController.xib; sourceTree = "<group>"; };
		989EC63A21D1BFC20054A997 /* LoginViewController.swift */ = {isa = PBXFileReference; fileEncoding = 4; lastKnownFileType = sourcecode.swift; path = LoginViewController.swift; sourceTree = "<group>"; };
		989EC63F21D1BFC20054A997 /* ToolManager.swift */ = {isa = PBXFileReference; fileEncoding = 4; lastKnownFileType = sourcecode.swift; path = ToolManager.swift; sourceTree = "<group>"; };
		989EC64121D1BFC20054A997 /* ReusableCellExtensions.swift */ = {isa = PBXFileReference; fileEncoding = 4; lastKnownFileType = sourcecode.swift; path = ReusableCellExtensions.swift; sourceTree = "<group>"; };
		989EC64221D1BFC20054A997 /* UIAlertController+Extension.swift */ = {isa = PBXFileReference; fileEncoding = 4; lastKnownFileType = sourcecode.swift; path = "UIAlertController+Extension.swift"; sourceTree = "<group>"; };
		989EC64321D1BFC20054A997 /* UIFont+Extension.swift */ = {isa = PBXFileReference; fileEncoding = 4; lastKnownFileType = sourcecode.swift; path = "UIFont+Extension.swift"; sourceTree = "<group>"; };
		989EC64421D1BFC20054A997 /* UIColor+Extension.swift */ = {isa = PBXFileReference; fileEncoding = 4; lastKnownFileType = sourcecode.swift; path = "UIColor+Extension.swift"; sourceTree = "<group>"; };
		989EC64521D1BFC20054A997 /* UIView+Extensions.swift */ = {isa = PBXFileReference; fileEncoding = 4; lastKnownFileType = sourcecode.swift; path = "UIView+Extensions.swift"; sourceTree = "<group>"; };
		989EC64621D1BFC20054A997 /* UIImage+Extension.swift */ = {isa = PBXFileReference; fileEncoding = 4; lastKnownFileType = sourcecode.swift; path = "UIImage+Extension.swift"; sourceTree = "<group>"; };
		989EC64721D1BFC20054A997 /* String+Extension.swift */ = {isa = PBXFileReference; fileEncoding = 4; lastKnownFileType = sourcecode.swift; path = "String+Extension.swift"; sourceTree = "<group>"; };
		989EC64921D1BFC20054A997 /* TopViewController.swift */ = {isa = PBXFileReference; fileEncoding = 4; lastKnownFileType = sourcecode.swift; path = TopViewController.swift; sourceTree = "<group>"; };
		989EC64B21D1BFC20054A997 /* Constants.swift */ = {isa = PBXFileReference; fileEncoding = 4; lastKnownFileType = sourcecode.swift; path = Constants.swift; sourceTree = "<group>"; };
		989EC64C21D1BFC20054A997 /* UIDevice+Extension.swift */ = {isa = PBXFileReference; fileEncoding = 4; lastKnownFileType = sourcecode.swift; path = "UIDevice+Extension.swift"; sourceTree = "<group>"; };
		989EC64D21D1BFC20054A997 /* MyLog.swift */ = {isa = PBXFileReference; fileEncoding = 4; lastKnownFileType = sourcecode.swift; path = MyLog.swift; sourceTree = "<group>"; };
		989EC64E21D1BFC20054A997 /* IOTNotificationCenter.swift */ = {isa = PBXFileReference; fileEncoding = 4; lastKnownFileType = sourcecode.swift; path = IOTNotificationCenter.swift; sourceTree = "<group>"; };
		989EC64F21D1BFC20054A997 /* Future+Extension.swift */ = {isa = PBXFileReference; fileEncoding = 4; lastKnownFileType = sourcecode.swift; path = "Future+Extension.swift"; sourceTree = "<group>"; };
		989EC65021D1BFC20054A997 /* NibLoadable.swift */ = {isa = PBXFileReference; fileEncoding = 4; lastKnownFileType = sourcecode.swift; path = NibLoadable.swift; sourceTree = "<group>"; };
		989EC65221D1BFC20054A997 /* CellBackgroundView.swift */ = {isa = PBXFileReference; fileEncoding = 4; lastKnownFileType = sourcecode.swift; path = CellBackgroundView.swift; sourceTree = "<group>"; };
		989EC65321D1BFC20054A997 /* CellBackgroundView.xib */ = {isa = PBXFileReference; fileEncoding = 4; lastKnownFileType = file.xib; path = CellBackgroundView.xib; sourceTree = "<group>"; };
		989EC69721D1C58B0054A997 /* ChartsViewController.swift */ = {isa = PBXFileReference; lastKnownFileType = sourcecode.swift; path = ChartsViewController.swift; sourceTree = "<group>"; };
		98A57A0221D1DA3600D10929 /* UIBarButtonItem+Extension.swift */ = {isa = PBXFileReference; lastKnownFileType = sourcecode.swift; path = "UIBarButtonItem+Extension.swift"; sourceTree = "<group>"; };
		98B2294B21D1CE38002FFCFE /* ChartsViewController.xib */ = {isa = PBXFileReference; lastKnownFileType = file.xib; path = ChartsViewController.xib; sourceTree = "<group>"; };
		C5ABE312638DE68216D940B0 /* Pods_ISPMIOT.framework */ = {isa = PBXFileReference; explicitFileType = wrapper.framework; includeInIndex = 0; path = Pods_ISPMIOT.framework; sourceTree = BUILT_PRODUCTS_DIR; };
		CB217BD1891631D0DDFE153C /* Pods-ISPMIOT.release.xcconfig */ = {isa = PBXFileReference; includeInIndex = 1; lastKnownFileType = text.xcconfig; name = "Pods-ISPMIOT.release.xcconfig"; path = "Pods/Target Support Files/Pods-ISPMIOT/Pods-ISPMIOT.release.xcconfig"; sourceTree = "<group>"; };
		E5CBEEAEB1EEFBA9E222AE02 /* Pods-ISPMIOT.debug.xcconfig */ = {isa = PBXFileReference; includeInIndex = 1; lastKnownFileType = text.xcconfig; name = "Pods-ISPMIOT.debug.xcconfig"; path = "Pods/Target Support Files/Pods-ISPMIOT/Pods-ISPMIOT.debug.xcconfig"; sourceTree = "<group>"; };
/* End PBXFileReference section */

/* Begin PBXFrameworksBuildPhase section */
		9877417121BBBE60009A238B /* Frameworks */ = {
			isa = PBXFrameworksBuildPhase;
			buildActionMask = 2147483647;
			files = (
				065F8A0D528AD02EF9C8BC4A /* Pods_ISPMIOT.framework in Frameworks */,
			);
			runOnlyForDeploymentPostprocessing = 0;
		};
/* End PBXFrameworksBuildPhase section */

/* Begin PBXGroup section */
		7BF6ADDD6462AF3DB6484CBD /* Pods */ = {
			isa = PBXGroup;
			children = (
				E5CBEEAEB1EEFBA9E222AE02 /* Pods-ISPMIOT.debug.xcconfig */,
				CB217BD1891631D0DDFE153C /* Pods-ISPMIOT.release.xcconfig */,
			);
			name = Pods;
			sourceTree = "<group>";
		};
		93972C7A7803C267A4A8AEDC /* Frameworks */ = {
			isa = PBXGroup;
			children = (
				C5ABE312638DE68216D940B0 /* Pods_ISPMIOT.framework */,
			);
			name = Frameworks;
			sourceTree = "<group>";
		};
		9800889F21D3214F00C9CC91 /* XLPhotoBrowser+CoderXL */ = {
			isa = PBXGroup;
			children = (
				980088A021D3214F00C9CC91 /* UIImage+XLExtension.h */,
				980088A121D3214F00C9CC91 /* XLPhotoBrowserConfig.h */,
				980088A221D3214F00C9CC91 /* XLProgressView.m */,
				980088A321D3214F00C9CC91 /* XLZoomingScrollView.h */,
				980088A421D3214F00C9CC91 /* UIView+XLExtension.m */,
				980088A521D3214F00C9CC91 /* XLPhotoBrowser.h */,
				980088A621D3214F00C9CC91 /* XLProgressView.h */,
				980088A721D3214F00C9CC91 /* UIImage+XLExtension.m */,
				980088A821D3214F00C9CC91 /* XLPhotoBrowserTypeDefine.h */,
				980088A921D3214F00C9CC91 /* XLZoomingScrollView.m */,
				980088AA21D3214F00C9CC91 /* XLPhotoBrowser.m */,
				980088AB21D3214F00C9CC91 /* UIView+XLExtension.h */,
				980088AC21D3214F00C9CC91 /* Vender */,
			);
			path = "XLPhotoBrowser+CoderXL";
			sourceTree = "<group>";
		};
		980088AC21D3214F00C9CC91 /* Vender */ = {
			isa = PBXGroup;
			children = (
				980088AD21D3214F00C9CC91 /* FSActionSheet */,
				980088B921D3214F00C9CC91 /* PageControl */,
			);
			path = Vender;
			sourceTree = "<group>";
		};
		980088AD21D3214F00C9CC91 /* FSActionSheet */ = {
			isa = PBXGroup;
			children = (
				980088AE21D3214F00C9CC91 /* FSActionSheetItem.h */,
				980088AF21D3214F00C9CC91 /* FSActionSheetCell.h */,
				980088B021D3214F00C9CC91 /* FSActionSheetResources */,
				980088B321D3214F00C9CC91 /* FSActionSheetConfig.m */,
				980088B421D3214F00C9CC91 /* FSActionSheet.m */,
				980088B521D3214F00C9CC91 /* FSActionSheetCell.m */,
				980088B621D3214F00C9CC91 /* FSActionSheetItem.m */,
				980088B721D3214F00C9CC91 /* FSActionSheetConfig.h */,
				980088B821D3214F00C9CC91 /* FSActionSheet.h */,
			);
			path = FSActionSheet;
			sourceTree = "<group>";
		};
		980088B021D3214F00C9CC91 /* FSActionSheetResources */ = {
			isa = PBXGroup;
			children = (
				980088B121D3214F00C9CC91 /* FSActionSheet_cancel@3x.png */,
				980088B221D3214F00C9CC91 /* FSActionSheet_cancel@2x.png */,
			);
			path = FSActionSheetResources;
			sourceTree = "<group>";
		};
		980088B921D3214F00C9CC91 /* PageControl */ = {
			isa = PBXGroup;
			children = (
				980088BA21D3214F00C9CC91 /* TAAbstractDotView.h */,
				980088BB21D3214F00C9CC91 /* TADotView.m */,
				980088BC21D3214F00C9CC91 /* TAPageControl.m */,
				980088BD21D3214F00C9CC91 /* TAAnimatedDotView.m */,
				980088BE21D3214F00C9CC91 /* TAAbstractDotView.m */,
				980088BF21D3214F00C9CC91 /* TADotView.h */,
				980088C021D3214F00C9CC91 /* TAAnimatedDotView.h */,
				980088C121D3214F00C9CC91 /* TAPageControl.h */,
			);
			path = PageControl;
			sourceTree = "<group>";
		};
		980088D621D3513700C9CC91 /* Camera */ = {
			isa = PBXGroup;
			children = (
				980088D721D3513700C9CC91 /* Controller */,
				980088D821D3513700C9CC91 /* Model */,
				980088D921D3513700C9CC91 /* View */,
			);
			path = Camera;
			sourceTree = "<group>";
		};
		980088D721D3513700C9CC91 /* Controller */ = {
			isa = PBXGroup;
			children = (
				980088DA21D3514100C9CC91 /* CameraViewController.swift */,
			);
			path = Controller;
			sourceTree = "<group>";
		};
		980088D821D3513700C9CC91 /* Model */ = {
			isa = PBXGroup;
			children = (
			);
			path = Model;
			sourceTree = "<group>";
		};
		980088D921D3513700C9CC91 /* View */ = {
			isa = PBXGroup;
			children = (
				980088DC21D363DC00C9CC91 /* CameraCollectionViewCell.swift */,
				980088DE21D3658200C9CC91 /* CameraCollectionViewCell.xib */,
			);
			path = View;
			sourceTree = "<group>";
		};
		9877416B21BBBE60009A238B = {
			isa = PBXGroup;
			children = (
				9877417621BBBE60009A238B /* ISPMIOT */,
				9877417521BBBE60009A238B /* Products */,
				7BF6ADDD6462AF3DB6484CBD /* Pods */,
				93972C7A7803C267A4A8AEDC /* Frameworks */,
			);
			sourceTree = "<group>";
		};
		9877417521BBBE60009A238B /* Products */ = {
			isa = PBXGroup;
			children = (
				9877417421BBBE60009A238B /* ISPMIOT.app */,
			);
			name = Products;
			sourceTree = "<group>";
		};
		9877417621BBBE60009A238B /* ISPMIOT */ = {
			isa = PBXGroup;
			children = (
				989EC5F921D1BFC20054A997 /* App */,
				9877418321BBBE62009A238B /* Info.plist */,
				9806DEFC21BE12FE00B6A367 /* Assets.xcassets */,
			);
			path = ISPMIOT;
			sourceTree = "<group>";
		};
		989EC5F921D1BFC20054A997 /* App */ = {
			isa = PBXGroup;
			children = (
				980088D621D3513700C9CC91 /* Camera */,
				989EC69321D1C4390054A997 /* Charts */,
				989EC5FA21D1BFC20054A997 /* Home */,
				989EC60B21D1BFC20054A997 /* Launch */,
				989EC61221D1BFC20054A997 /* Resources */,
				989EC61421D1BFC20054A997 /* Network */,
				989EC62A21D1BFC20054A997 /* Basic */,
				989EC63721D1BFC20054A997 /* Login */,
				989EC63D21D1BFC20054A997 /* Share */,
			);
			path = App;
			sourceTree = "<group>";
		};
		989EC5FA21D1BFC20054A997 /* Home */ = {
			isa = PBXGroup;
			children = (
				989EC5FB21D1BFC20054A997 /* Controller */,
				989EC5FF21D1BFC20054A997 /* Model */,
				989EC60021D1BFC20054A997 /* View */,
			);
			path = Home;
			sourceTree = "<group>";
		};
		989EC5FB21D1BFC20054A997 /* Controller */ = {
			isa = PBXGroup;
			children = (
				989EC5FC21D1BFC20054A997 /* ListItemViewController.swift */,
				989EC5FE21D1BFC20054A997 /* HomeViewController.swift */,
				989EC5FD21D1BFC20054A997 /* HomeViewController.xib */,
			);
			path = Controller;
			sourceTree = "<group>";
		};
		989EC5FF21D1BFC20054A997 /* Model */ = {
			isa = PBXGroup;
			children = (
			);
			path = Model;
			sourceTree = "<group>";
		};
		989EC60021D1BFC20054A997 /* View */ = {
			isa = PBXGroup;
			children = (
				989EC60521D1BFC20054A997 /* ProjectInfoCell.swift */,
				989EC60621D1BFC20054A997 /* ProjectInfoCell.xib */,
				989EC60721D1BFC20054A997 /* ListItemTableViewCell.swift */,
				989EC60221D1BFC20054A997 /* ListItemTableViewCell.xib */,
				989EC60821D1BFC20054A997 /* DevicesImgCell.swift */,
				989EC60121D1BFC20054A997 /* DevicesImgCell.xib */,
				989EC60921D1BFC20054A997 /* ProjectStatusCell.swift */,
				989EC60421D1BFC20054A997 /* ProjectStatusCell.xib */,
				989EC60A21D1BFC20054A997 /* DevicesListCell.swift */,
				989EC60321D1BFC20054A997 /* DevicesListCell.xib */,
			);
			path = View;
			sourceTree = "<group>";
		};
		989EC60B21D1BFC20054A997 /* Launch */ = {
			isa = PBXGroup;
			children = (
				989EC60C21D1BFC20054A997 /* Controller */,
				989EC60E21D1BFC20054A997 /* Model */,
				989EC61021D1BFC20054A997 /* View */,
			);
			path = Launch;
			sourceTree = "<group>";
		};
		989EC60C21D1BFC20054A997 /* Controller */ = {
			isa = PBXGroup;
			children = (
				989EC60D21D1BFC20054A997 /* MainTabBarController.swift */,
			);
			path = Controller;
			sourceTree = "<group>";
		};
		989EC60E21D1BFC20054A997 /* Model */ = {
			isa = PBXGroup;
			children = (
				989EC60F21D1BFC20054A997 /* AppDelegate.swift */,
			);
			path = Model;
			sourceTree = "<group>";
		};
		989EC61021D1BFC20054A997 /* View */ = {
			isa = PBXGroup;
			children = (
				989EC61121D1BFC20054A997 /* Launch.xib */,
			);
			path = View;
			sourceTree = "<group>";
		};
		989EC61221D1BFC20054A997 /* Resources */ = {
			isa = PBXGroup;
			children = (
				989EC61321D1BFC20054A997 /* ISPMIOT-Bridging-Header.h */,
			);
			path = Resources;
			sourceTree = "<group>";
		};
		989EC61421D1BFC20054A997 /* Network */ = {
			isa = PBXGroup;
			children = (
				989EC61521D1BFC20054A997 /* Extensions */,
				989EC61721D1BFC20054A997 /* APIInterfaces */,
				989EC61A21D1BFC20054A997 /* Model */,
				989EC61F21D1BFC20054A997 /* APIService */,
				989EC62221D1BFC20054A997 /* Base */,
			);
			path = Network;
			sourceTree = "<group>";
		};
		989EC61521D1BFC20054A997 /* Extensions */ = {
			isa = PBXGroup;
			children = (
				989EC61621D1BFC20054A997 /* Extensions.swift */,
			);
			path = Extensions;
			sourceTree = "<group>";
		};
		989EC61721D1BFC20054A997 /* APIInterfaces */ = {
			isa = PBXGroup;
			children = (
				989EC61821D1BFC20054A997 /* Interface.swift */,
				989EC61921D1BFC20054A997 /* ServicesConstants.swift */,
			);
			path = APIInterfaces;
			sourceTree = "<group>";
		};
		989EC61A21D1BFC20054A997 /* Model */ = {
			isa = PBXGroup;
			children = (
				989EC61B21D1BFC20054A997 /* ProjectModel.swift */,
				989EC61C21D1BFC20054A997 /* MonitorModelel.swift */,
				989EC61D21D1BFC20054A997 /* User.swift */,
				989EC61E21D1BFC20054A997 /* DevicesModel.swift */,
			);
			path = Model;
			sourceTree = "<group>";
		};
		989EC61F21D1BFC20054A997 /* APIService */ = {
			isa = PBXGroup;
			children = (
				989EC62021D1BFC20054A997 /* UserService.swift */,
				989EC62121D1BFC20054A997 /* ProjectService.swift */,
			);
			path = APIService;
			sourceTree = "<group>";
		};
		989EC62221D1BFC20054A997 /* Base */ = {
			isa = PBXGroup;
			children = (
				989EC62321D1BFC20054A997 /* Future.swift */,
				989EC62421D1BFC20054A997 /* NetworkManager.swift */,
				989EC62521D1BFC20054A997 /* GraphQLQuery.swift */,
				989EC62621D1BFC20054A997 /* Try.swift */,
				989EC62721D1BFC20054A997 /* Promise.swift */,
				989EC62821D1BFC20054A997 /* Future+When.swift */,
				989EC62921D1BFC20054A997 /* NetworkConstants.swift */,
			);
			path = Base;
			sourceTree = "<group>";
		};
		989EC62A21D1BFC20054A997 /* Basic */ = {
			isa = PBXGroup;
			children = (
				989EC62B21D1BFC20054A997 /* Controller */,
				989EC62E21D1BFC20054A997 /* Model */,
				989EC62F21D1BFC20054A997 /* View */,
			);
			path = Basic;
			sourceTree = "<group>";
		};
		989EC62B21D1BFC20054A997 /* Controller */ = {
			isa = PBXGroup;
			children = (
				989EC62C21D1BFC20054A997 /* BaseViewController.swift */,
				989EC62D21D1BFC20054A997 /* BaseNavigationController.swift */,
			);
			path = Controller;
			sourceTree = "<group>";
		};
		989EC62E21D1BFC20054A997 /* Model */ = {
			isa = PBXGroup;
			children = (
			);
			path = Model;
			sourceTree = "<group>";
		};
		989EC62F21D1BFC20054A997 /* View */ = {
			isa = PBXGroup;
			children = (
				989EC63021D1BFC20054A997 /* LabelTools.swift */,
				989EC63121D1BFC20054A997 /* BaseTableViewCell.swift */,
				989EC63221D1BFC20054A997 /* BaseMainView.swift */,
				989EC63321D1BFC20054A997 /* BaseLabels.swift */,
				989EC63421D1BFC20054A997 /* BaseTableView.swift */,
				989EC63521D1BFC20054A997 /* BaseSecondaryBlueView.swift */,
				989EC63621D1BFC20054A997 /* BaseButton.swift */,
			);
			path = View;
			sourceTree = "<group>";
		};
		989EC63721D1BFC20054A997 /* Login */ = {
			isa = PBXGroup;
			children = (
				989EC63821D1BFC20054A997 /* Controller */,
				989EC63B21D1BFC20054A997 /* Model */,
				989EC63C21D1BFC20054A997 /* View */,
			);
			path = Login;
			sourceTree = "<group>";
		};
		989EC63821D1BFC20054A997 /* Controller */ = {
			isa = PBXGroup;
			children = (
				989EC63921D1BFC20054A997 /* LoginViewController.xib */,
				989EC63A21D1BFC20054A997 /* LoginViewController.swift */,
			);
			path = Controller;
			sourceTree = "<group>";
		};
		989EC63B21D1BFC20054A997 /* Model */ = {
			isa = PBXGroup;
			children = (
			);
			path = Model;
			sourceTree = "<group>";
		};
		989EC63C21D1BFC20054A997 /* View */ = {
			isa = PBXGroup;
			children = (
			);
			path = View;
			sourceTree = "<group>";
		};
		989EC63D21D1BFC20054A997 /* Share */ = {
			isa = PBXGroup;
			children = (
				989EC63E21D1BFC20054A997 /* Tools */,
				989EC64021D1BFC20054A997 /* Extension */,
				989EC64821D1BFC20054A997 /* Controller */,
				989EC64A21D1BFC20054A997 /* Model */,
				989EC65121D1BFC20054A997 /* View */,
				989EC65421D1BFC20054A997 /* ThirdParty */,
			);
			path = Share;
			sourceTree = "<group>";
		};
		989EC63E21D1BFC20054A997 /* Tools */ = {
			isa = PBXGroup;
			children = (
				989EC63F21D1BFC20054A997 /* ToolManager.swift */,
			);
			path = Tools;
			sourceTree = "<group>";
		};
		989EC64021D1BFC20054A997 /* Extension */ = {
			isa = PBXGroup;
			children = (
				989EC64121D1BFC20054A997 /* ReusableCellExtensions.swift */,
				980088E021D366AD00C9CC91 /* UICollectionView+Extension.swift */,
				989EC64221D1BFC20054A997 /* UIAlertController+Extension.swift */,
				989EC64321D1BFC20054A997 /* UIFont+Extension.swift */,
				989EC64421D1BFC20054A997 /* UIColor+Extension.swift */,
				989EC64521D1BFC20054A997 /* UIView+Extensions.swift */,
				989EC64621D1BFC20054A997 /* UIImage+Extension.swift */,
				989EC64721D1BFC20054A997 /* String+Extension.swift */,
				98A57A0221D1DA3600D10929 /* UIBarButtonItem+Extension.swift */,
				9800886321D1E00B00C9CC91 /* Optional+Extension.swift */,
			);
			path = Extension;
			sourceTree = "<group>";
		};
		989EC64821D1BFC20054A997 /* Controller */ = {
			isa = PBXGroup;
			children = (
				989EC64921D1BFC20054A997 /* TopViewController.swift */,
			);
			path = Controller;
			sourceTree = "<group>";
		};
		989EC64A21D1BFC20054A997 /* Model */ = {
			isa = PBXGroup;
			children = (
				989EC64B21D1BFC20054A997 /* Constants.swift */,
				989EC64C21D1BFC20054A997 /* UIDevice+Extension.swift */,
				989EC64D21D1BFC20054A997 /* MyLog.swift */,
				989EC64E21D1BFC20054A997 /* IOTNotificationCenter.swift */,
				989EC64F21D1BFC20054A997 /* Future+Extension.swift */,
				989EC65021D1BFC20054A997 /* NibLoadable.swift */,
			);
			path = Model;
			sourceTree = "<group>";
		};
		989EC65121D1BFC20054A997 /* View */ = {
			isa = PBXGroup;
			children = (
				989EC65221D1BFC20054A997 /* CellBackgroundView.swift */,
				989EC65321D1BFC20054A997 /* CellBackgroundView.xib */,
			);
			path = View;
			sourceTree = "<group>";
		};
		989EC65421D1BFC20054A997 /* ThirdParty */ = {
			isa = PBXGroup;
			children = (
				9800889F21D3214F00C9CC91 /* XLPhotoBrowser+CoderXL */,
			);
			path = ThirdParty;
			sourceTree = "<group>";
		};
		989EC69321D1C4390054A997 /* Charts */ = {
			isa = PBXGroup;
			children = (
				989EC69421D1C4390054A997 /* Controller */,
				989EC69521D1C4390054A997 /* Model */,
				989EC69621D1C4390054A997 /* View */,
			);
			path = Charts;
			sourceTree = "<group>";
		};
		989EC69421D1C4390054A997 /* Controller */ = {
			isa = PBXGroup;
			children = (
				989EC69721D1C58B0054A997 /* ChartsViewController.swift */,
				98B2294B21D1CE38002FFCFE /* ChartsViewController.xib */,
			);
			path = Controller;
			sourceTree = "<group>";
		};
		989EC69521D1C4390054A997 /* Model */ = {
			isa = PBXGroup;
			children = (
				9800886B21D2061800C9CC91 /* BalloonMarker.swift */,
				980088D321D3267E00C9CC91 /* PhotoBrowserTool.h */,
				980088D421D3267E00C9CC91 /* PhotoBrowserTool.m */,
			);
			path = Model;
			sourceTree = "<group>";
		};
		989EC69621D1C4390054A997 /* View */ = {
			isa = PBXGroup;
			children = (
				9800886721D1FDE200C9CC91 /* ChartsCell.swift */,
				9800886921D1FDEE00C9CC91 /* ChartsCell.xib */,
			);
			path = View;
			sourceTree = "<group>";
		};
/* End PBXGroup section */

/* Begin PBXNativeTarget section */
		9877417321BBBE60009A238B /* ISPMIOT */ = {
			isa = PBXNativeTarget;
			buildConfigurationList = 9877418621BBBE62009A238B /* Build configuration list for PBXNativeTarget "ISPMIOT" */;
			buildPhases = (
				18462DAB826C9C86A34E9F21 /* [CP] Check Pods Manifest.lock */,
				9877417021BBBE60009A238B /* Sources */,
				9877417121BBBE60009A238B /* Frameworks */,
				9877417221BBBE60009A238B /* Resources */,
				7FEA30D4EA646AFC30AAFA72 /* [CP] Embed Pods Frameworks */,
			);
			buildRules = (
			);
			dependencies = (
			);
			name = ISPMIOT;
			productName = ISPMIOT;
			productReference = 9877417421BBBE60009A238B /* ISPMIOT.app */;
			productType = "com.apple.product-type.application";
		};
/* End PBXNativeTarget section */

/* Begin PBXProject section */
		9877416C21BBBE60009A238B /* Project object */ = {
			isa = PBXProject;
			attributes = {
				LastSwiftUpdateCheck = 1010;
				LastUpgradeCheck = 1010;
				ORGANIZATIONNAME = www.opjtech.com;
				TargetAttributes = {
					9877417321BBBE60009A238B = {
						CreatedOnToolsVersion = 10.1;
						LastSwiftMigration = 1010;
					};
				};
			};
			buildConfigurationList = 9877416F21BBBE60009A238B /* Build configuration list for PBXProject "ISPMIOT" */;
			compatibilityVersion = "Xcode 9.3";
			developmentRegion = en;
			hasScannedForEncodings = 0;
			knownRegions = (
				en,
				Base,
			);
			mainGroup = 9877416B21BBBE60009A238B;
			productRefGroup = 9877417521BBBE60009A238B /* Products */;
			projectDirPath = "";
			projectRoot = "";
			targets = (
				9877417321BBBE60009A238B /* ISPMIOT */,
			);
		};
/* End PBXProject section */

/* Begin PBXResourcesBuildPhase section */
		9877417221BBBE60009A238B /* Resources */ = {
			isa = PBXResourcesBuildPhase;
			buildActionMask = 2147483647;
			files = (
				98B2294C21D1CE38002FFCFE /* ChartsViewController.xib in Resources */,
				989EC65B21D1BFC20054A997 /* ListItemTableViewCell.xib in Resources */,
				980088C721D3214F00C9CC91 /* FSActionSheet_cancel@3x.png in Resources */,
				989EC65D21D1BFC20054A997 /* ProjectStatusCell.xib in Resources */,
				989EC69221D1BFC20054A997 /* CellBackgroundView.xib in Resources */,
				9800886A21D1FDEE00C9CC91 /* ChartsCell.xib in Resources */,
				989EC65A21D1BFC20054A997 /* DevicesImgCell.xib in Resources */,
				989EC65C21D1BFC20054A997 /* DevicesListCell.xib in Resources */,
				9806DEFD21BE12FE00B6A367 /* Assets.xcassets in Resources */,
				980088C821D3214F00C9CC91 /* FSActionSheet_cancel@2x.png in Resources */,
				989EC65F21D1BFC20054A997 /* ProjectInfoCell.xib in Resources */,
				989EC66621D1BFC20054A997 /* Launch.xib in Resources */,
				989EC65821D1BFC20054A997 /* HomeViewController.xib in Resources */,
				989EC68021D1BFC20054A997 /* LoginViewController.xib in Resources */,
				980088DF21D3658200C9CC91 /* CameraCollectionViewCell.xib in Resources */,
			);
			runOnlyForDeploymentPostprocessing = 0;
		};
/* End PBXResourcesBuildPhase section */

/* Begin PBXShellScriptBuildPhase section */
		18462DAB826C9C86A34E9F21 /* [CP] Check Pods Manifest.lock */ = {
			isa = PBXShellScriptBuildPhase;
			buildActionMask = 2147483647;
			files = (
			);
			inputFileListPaths = (
			);
			inputPaths = (
				"${PODS_PODFILE_DIR_PATH}/Podfile.lock",
				"${PODS_ROOT}/Manifest.lock",
			);
			name = "[CP] Check Pods Manifest.lock";
			outputFileListPaths = (
			);
			outputPaths = (
				"$(DERIVED_FILE_DIR)/Pods-ISPMIOT-checkManifestLockResult.txt",
			);
			runOnlyForDeploymentPostprocessing = 0;
			shellPath = /bin/sh;
			shellScript = "diff \"${PODS_PODFILE_DIR_PATH}/Podfile.lock\" \"${PODS_ROOT}/Manifest.lock\" > /dev/null\nif [ $? != 0 ] ; then\n    # print error to STDERR\n    echo \"error: The sandbox is not in sync with the Podfile.lock. Run 'pod install' or update your CocoaPods installation.\" >&2\n    exit 1\nfi\n# This output is used by Xcode 'outputs' to avoid re-running this script phase.\necho \"SUCCESS\" > \"${SCRIPT_OUTPUT_FILE_0}\"\n";
			showEnvVarsInLog = 0;
		};
		7FEA30D4EA646AFC30AAFA72 /* [CP] Embed Pods Frameworks */ = {
			isa = PBXShellScriptBuildPhase;
			buildActionMask = 2147483647;
			files = (
			);
			inputFileListPaths = (
			);
			inputPaths = (
				"${SRCROOT}/Pods/Target Support Files/Pods-ISPMIOT/Pods-ISPMIOT-frameworks.sh",
				"${BUILT_PRODUCTS_DIR}/Charts/Charts.framework",
				"${BUILT_PRODUCTS_DIR}/IQKeyboardManagerSwift/IQKeyboardManagerSwift.framework",
				"${BUILT_PRODUCTS_DIR}/JSONWebToken/JWT.framework",
				"${BUILT_PRODUCTS_DIR}/MBProgressHUD/MBProgressHUD.framework",
				"${BUILT_PRODUCTS_DIR}/SDWebImage/SDWebImage.framework",
				"${BUILT_PRODUCTS_DIR}/SwiftyJSON/SwiftyJSON.framework",
			);
			name = "[CP] Embed Pods Frameworks";
			outputFileListPaths = (
			);
			outputPaths = (
				"${TARGET_BUILD_DIR}/${FRAMEWORKS_FOLDER_PATH}/Charts.framework",
				"${TARGET_BUILD_DIR}/${FRAMEWORKS_FOLDER_PATH}/IQKeyboardManagerSwift.framework",
				"${TARGET_BUILD_DIR}/${FRAMEWORKS_FOLDER_PATH}/JWT.framework",
				"${TARGET_BUILD_DIR}/${FRAMEWORKS_FOLDER_PATH}/MBProgressHUD.framework",
				"${TARGET_BUILD_DIR}/${FRAMEWORKS_FOLDER_PATH}/SDWebImage.framework",
				"${TARGET_BUILD_DIR}/${FRAMEWORKS_FOLDER_PATH}/SwiftyJSON.framework",
			);
			runOnlyForDeploymentPostprocessing = 0;
			shellPath = /bin/sh;
			shellScript = "\"${SRCROOT}/Pods/Target Support Files/Pods-ISPMIOT/Pods-ISPMIOT-frameworks.sh\"\n";
			showEnvVarsInLog = 0;
		};
/* End PBXShellScriptBuildPhase section */

/* Begin PBXSourcesBuildPhase section */
		9877417021BBBE60009A238B /* Sources */ = {
			isa = PBXSourcesBuildPhase;
			buildActionMask = 2147483647;
			files = (
				989EC67921D1BFC20054A997 /* LabelTools.swift in Sources */,
				980088D021D3214F00C9CC91 /* TAAbstractDotView.m in Sources */,
				989EC66A21D1BFC20054A997 /* ProjectModel.swift in Sources */,
				989EC67B21D1BFC20054A997 /* BaseMainView.swift in Sources */,
				989EC67421D1BFC20054A997 /* Promise.swift in Sources */,
				989EC66D21D1BFC20054A997 /* DevicesModel.swift in Sources */,
				980088CE21D3214F00C9CC91 /* TAPageControl.m in Sources */,
				989EC67221D1BFC20054A997 /* GraphQLQuery.swift in Sources */,
				989EC68721D1BFC20054A997 /* UIView+Extensions.swift in Sources */,
				980088E121D366AD00C9CC91 /* UICollectionView+Extension.swift in Sources */,
				989EC67A21D1BFC20054A997 /* BaseTableViewCell.swift in Sources */,
				989EC69121D1BFC20054A997 /* CellBackgroundView.swift in Sources */,
				989EC66021D1BFC20054A997 /* ListItemTableViewCell.swift in Sources */,
				989EC67021D1BFC20054A997 /* Future.swift in Sources */,
				989EC66321D1BFC20054A997 /* DevicesListCell.swift in Sources */,
				980088C321D3214F00C9CC91 /* UIView+XLExtension.m in Sources */,
				989EC68F21D1BFC20054A997 /* Future+Extension.swift in Sources */,
				980088CA21D3214F00C9CC91 /* FSActionSheet.m in Sources */,
				989EC66421D1BFC20054A997 /* MainTabBarController.swift in Sources */,
				989EC66521D1BFC20054A997 /* AppDelegate.swift in Sources */,
				989EC67D21D1BFC20054A997 /* BaseTableView.swift in Sources */,
				989EC66E21D1BFC20054A997 /* UserService.swift in Sources */,
				980088CD21D3214F00C9CC91 /* TADotView.m in Sources */,
				989EC68821D1BFC20054A997 /* UIImage+Extension.swift in Sources */,
				989EC66B21D1BFC20054A997 /* MonitorModelel.swift in Sources */,
				989EC65E21D1BFC20054A997 /* ProjectInfoCell.swift in Sources */,
				989EC68421D1BFC20054A997 /* UIAlertController+Extension.swift in Sources */,
				989EC66721D1BFC20054A997 /* Extensions.swift in Sources */,
				989EC67721D1BFC20054A997 /* BaseViewController.swift in Sources */,
				9800886821D1FDE200C9CC91 /* ChartsCell.swift in Sources */,
				980088C521D3214F00C9CC91 /* XLZoomingScrollView.m in Sources */,
				989EC66C21D1BFC20054A997 /* User.swift in Sources */,
				989EC67121D1BFC20054A997 /* NetworkManager.swift in Sources */,
				989EC68321D1BFC20054A997 /* ReusableCellExtensions.swift in Sources */,
				980088CB21D3214F00C9CC91 /* FSActionSheetCell.m in Sources */,
				989EC68A21D1BFC20054A997 /* TopViewController.swift in Sources */,
				980088DB21D3514100C9CC91 /* CameraViewController.swift in Sources */,
				989EC67E21D1BFC20054A997 /* BaseSecondaryBlueView.swift in Sources */,
				980088C421D3214F00C9CC91 /* UIImage+XLExtension.m in Sources */,
				989EC68221D1BFC20054A997 /* ToolManager.swift in Sources */,
				989EC65721D1BFC20054A997 /* ListItemViewController.swift in Sources */,
				989EC66921D1BFC20054A997 /* ServicesConstants.swift in Sources */,
				989EC68C21D1BFC20054A997 /* UIDevice+Extension.swift in Sources */,
				989EC67621D1BFC20054A997 /* NetworkConstants.swift in Sources */,
				989EC66221D1BFC20054A997 /* ProjectStatusCell.swift in Sources */,
				989EC66821D1BFC20054A997 /* Interface.swift in Sources */,
				989EC65921D1BFC20054A997 /* HomeViewController.swift in Sources */,
				980088D521D3267E00C9CC91 /* PhotoBrowserTool.m in Sources */,
				9800886C21D2061800C9CC91 /* BalloonMarker.swift in Sources */,
				989EC67521D1BFC20054A997 /* Future+When.swift in Sources */,
				989EC68121D1BFC20054A997 /* LoginViewController.swift in Sources */,
				980088CC21D3214F00C9CC91 /* FSActionSheetItem.m in Sources */,
				989EC68B21D1BFC20054A997 /* Constants.swift in Sources */,
				989EC67821D1BFC20054A997 /* BaseNavigationController.swift in Sources */,
				989EC66121D1BFC20054A997 /* DevicesImgCell.swift in Sources */,
				989EC67C21D1BFC20054A997 /* BaseLabels.swift in Sources */,
				989EC68D21D1BFC20054A997 /* MyLog.swift in Sources */,
				980088C621D3214F00C9CC91 /* XLPhotoBrowser.m in Sources */,
				9800886421D1E00B00C9CC91 /* Optional+Extension.swift in Sources */,
				989EC66F21D1BFC20054A997 /* ProjectService.swift in Sources */,
				980088CF21D3214F00C9CC91 /* TAAnimatedDotView.m in Sources */,
				989EC69021D1BFC20054A997 /* NibLoadable.swift in Sources */,
				980088DD21D363DC00C9CC91 /* CameraCollectionViewCell.swift in Sources */,
				989EC68E21D1BFC20054A997 /* IOTNotificationCenter.swift in Sources */,
				989EC68521D1BFC20054A997 /* UIFont+Extension.swift in Sources */,
				989EC67F21D1BFC20054A997 /* BaseButton.swift in Sources */,
				980088C221D3214F00C9CC91 /* XLProgressView.m in Sources */,
				980088C921D3214F00C9CC91 /* FSActionSheetConfig.m in Sources */,
				989EC67321D1BFC20054A997 /* Try.swift in Sources */,
				989EC69821D1C58B0054A997 /* ChartsViewController.swift in Sources */,
				98A57A0321D1DA3600D10929 /* UIBarButtonItem+Extension.swift in Sources */,
				989EC68621D1BFC20054A997 /* UIColor+Extension.swift in Sources */,
				989EC68921D1BFC20054A997 /* String+Extension.swift in Sources */,
			);
			runOnlyForDeploymentPostprocessing = 0;
		};
/* End PBXSourcesBuildPhase section */

/* Begin XCBuildConfiguration section */
		9877418421BBBE62009A238B /* Debug */ = {
			isa = XCBuildConfiguration;
			buildSettings = {
				ALWAYS_SEARCH_USER_PATHS = NO;
				CLANG_ANALYZER_NONNULL = YES;
				CLANG_ANALYZER_NUMBER_OBJECT_CONVERSION = YES_AGGRESSIVE;
				CLANG_CXX_LANGUAGE_STANDARD = "gnu++14";
				CLANG_CXX_LIBRARY = "libc++";
				CLANG_ENABLE_MODULES = YES;
				CLANG_ENABLE_OBJC_ARC = YES;
				CLANG_ENABLE_OBJC_WEAK = YES;
				CLANG_WARN_BLOCK_CAPTURE_AUTORELEASING = YES;
				CLANG_WARN_BOOL_CONVERSION = YES;
				CLANG_WARN_COMMA = YES;
				CLANG_WARN_CONSTANT_CONVERSION = YES;
				CLANG_WARN_DEPRECATED_OBJC_IMPLEMENTATIONS = YES;
				CLANG_WARN_DIRECT_OBJC_ISA_USAGE = YES_ERROR;
				CLANG_WARN_DOCUMENTATION_COMMENTS = YES;
				CLANG_WARN_EMPTY_BODY = YES;
				CLANG_WARN_ENUM_CONVERSION = YES;
				CLANG_WARN_INFINITE_RECURSION = YES;
				CLANG_WARN_INT_CONVERSION = YES;
				CLANG_WARN_NON_LITERAL_NULL_CONVERSION = YES;
				CLANG_WARN_OBJC_IMPLICIT_RETAIN_SELF = YES;
				CLANG_WARN_OBJC_LITERAL_CONVERSION = YES;
				CLANG_WARN_OBJC_ROOT_CLASS = YES_ERROR;
				CLANG_WARN_RANGE_LOOP_ANALYSIS = YES;
				CLANG_WARN_STRICT_PROTOTYPES = YES;
				CLANG_WARN_SUSPICIOUS_MOVE = YES;
				CLANG_WARN_UNGUARDED_AVAILABILITY = YES_AGGRESSIVE;
				CLANG_WARN_UNREACHABLE_CODE = YES;
				CLANG_WARN__DUPLICATE_METHOD_MATCH = YES;
				CODE_SIGN_IDENTITY = "iPhone Developer";
				COPY_PHASE_STRIP = NO;
				DEBUG_INFORMATION_FORMAT = dwarf;
				ENABLE_STRICT_OBJC_MSGSEND = YES;
				ENABLE_TESTABILITY = YES;
				GCC_C_LANGUAGE_STANDARD = gnu11;
				GCC_DYNAMIC_NO_PIC = NO;
				GCC_NO_COMMON_BLOCKS = YES;
				GCC_OPTIMIZATION_LEVEL = 0;
				GCC_PREPROCESSOR_DEFINITIONS = (
					"DEBUG=1",
					"$(inherited)",
				);
				GCC_WARN_64_TO_32_BIT_CONVERSION = YES;
				GCC_WARN_ABOUT_RETURN_TYPE = YES_ERROR;
				GCC_WARN_UNDECLARED_SELECTOR = YES;
				GCC_WARN_UNINITIALIZED_AUTOS = YES_AGGRESSIVE;
				GCC_WARN_UNUSED_FUNCTION = YES;
				GCC_WARN_UNUSED_VARIABLE = YES;
				IPHONEOS_DEPLOYMENT_TARGET = 12.1;
				MTL_ENABLE_DEBUG_INFO = INCLUDE_SOURCE;
				MTL_FAST_MATH = YES;
				ONLY_ACTIVE_ARCH = YES;
				SDKROOT = iphoneos;
				SWIFT_ACTIVE_COMPILATION_CONDITIONS = DEBUG;
				SWIFT_OPTIMIZATION_LEVEL = "-Onone";
			};
			name = Debug;
		};
		9877418521BBBE62009A238B /* Release */ = {
			isa = XCBuildConfiguration;
			buildSettings = {
				ALWAYS_SEARCH_USER_PATHS = NO;
				CLANG_ANALYZER_NONNULL = YES;
				CLANG_ANALYZER_NUMBER_OBJECT_CONVERSION = YES_AGGRESSIVE;
				CLANG_CXX_LANGUAGE_STANDARD = "gnu++14";
				CLANG_CXX_LIBRARY = "libc++";
				CLANG_ENABLE_MODULES = YES;
				CLANG_ENABLE_OBJC_ARC = YES;
				CLANG_ENABLE_OBJC_WEAK = YES;
				CLANG_WARN_BLOCK_CAPTURE_AUTORELEASING = YES;
				CLANG_WARN_BOOL_CONVERSION = YES;
				CLANG_WARN_COMMA = YES;
				CLANG_WARN_CONSTANT_CONVERSION = YES;
				CLANG_WARN_DEPRECATED_OBJC_IMPLEMENTATIONS = YES;
				CLANG_WARN_DIRECT_OBJC_ISA_USAGE = YES_ERROR;
				CLANG_WARN_DOCUMENTATION_COMMENTS = YES;
				CLANG_WARN_EMPTY_BODY = YES;
				CLANG_WARN_ENUM_CONVERSION = YES;
				CLANG_WARN_INFINITE_RECURSION = YES;
				CLANG_WARN_INT_CONVERSION = YES;
				CLANG_WARN_NON_LITERAL_NULL_CONVERSION = YES;
				CLANG_WARN_OBJC_IMPLICIT_RETAIN_SELF = YES;
				CLANG_WARN_OBJC_LITERAL_CONVERSION = YES;
				CLANG_WARN_OBJC_ROOT_CLASS = YES_ERROR;
				CLANG_WARN_RANGE_LOOP_ANALYSIS = YES;
				CLANG_WARN_STRICT_PROTOTYPES = YES;
				CLANG_WARN_SUSPICIOUS_MOVE = YES;
				CLANG_WARN_UNGUARDED_AVAILABILITY = YES_AGGRESSIVE;
				CLANG_WARN_UNREACHABLE_CODE = YES;
				CLANG_WARN__DUPLICATE_METHOD_MATCH = YES;
				CODE_SIGN_IDENTITY = "iPhone Developer";
				COPY_PHASE_STRIP = NO;
				DEBUG_INFORMATION_FORMAT = "dwarf-with-dsym";
				ENABLE_NS_ASSERTIONS = NO;
				ENABLE_STRICT_OBJC_MSGSEND = YES;
				GCC_C_LANGUAGE_STANDARD = gnu11;
				GCC_NO_COMMON_BLOCKS = YES;
				GCC_WARN_64_TO_32_BIT_CONVERSION = YES;
				GCC_WARN_ABOUT_RETURN_TYPE = YES_ERROR;
				GCC_WARN_UNDECLARED_SELECTOR = YES;
				GCC_WARN_UNINITIALIZED_AUTOS = YES_AGGRESSIVE;
				GCC_WARN_UNUSED_FUNCTION = YES;
				GCC_WARN_UNUSED_VARIABLE = YES;
				IPHONEOS_DEPLOYMENT_TARGET = 12.1;
				MTL_ENABLE_DEBUG_INFO = NO;
				MTL_FAST_MATH = YES;
				SDKROOT = iphoneos;
				SWIFT_COMPILATION_MODE = wholemodule;
				SWIFT_OPTIMIZATION_LEVEL = "-O";
				VALIDATE_PRODUCT = YES;
			};
			name = Release;
		};
		9877418721BBBE62009A238B /* Debug */ = {
			isa = XCBuildConfiguration;
			baseConfigurationReference = E5CBEEAEB1EEFBA9E222AE02 /* Pods-ISPMIOT.debug.xcconfig */;
			buildSettings = {
				ASSETCATALOG_COMPILER_APPICON_NAME = AppIcon;
				CLANG_ENABLE_MODULES = YES;
				CODE_SIGN_STYLE = Automatic;
				DEVELOPMENT_TEAM = 3N872ZMWLJ;
				INFOPLIST_FILE = ISPMIOT/Info.plist;
				IPHONEOS_DEPLOYMENT_TARGET = 10.0;
				LD_RUNPATH_SEARCH_PATHS = (
					"$(inherited)",
					"@executable_path/Frameworks",
				);
				PRODUCT_BUNDLE_IDENTIFIER = com.opjtech.ispmiot;
				PRODUCT_NAME = "$(TARGET_NAME)";
				SWIFT_OBJC_BRIDGING_HEADER = "ISPMIOT/App/Resources/ISPMIOT-Bridging-Header.h";
				SWIFT_OPTIMIZATION_LEVEL = "-Onone";
				SWIFT_VERSION = 4.2;
				TARGETED_DEVICE_FAMILY = "1,2";
			};
			name = Debug;
		};
		9877418821BBBE62009A238B /* Release */ = {
			isa = XCBuildConfiguration;
			baseConfigurationReference = CB217BD1891631D0DDFE153C /* Pods-ISPMIOT.release.xcconfig */;
			buildSettings = {
				ASSETCATALOG_COMPILER_APPICON_NAME = AppIcon;
				CLANG_ENABLE_MODULES = YES;
				CODE_SIGN_STYLE = Automatic;
				DEVELOPMENT_TEAM = 3N872ZMWLJ;
				INFOPLIST_FILE = ISPMIOT/Info.plist;
				IPHONEOS_DEPLOYMENT_TARGET = 10.0;
				LD_RUNPATH_SEARCH_PATHS = (
					"$(inherited)",
					"@executable_path/Frameworks",
				);
				PRODUCT_BUNDLE_IDENTIFIER = com.opjtech.ispmiot;
				PRODUCT_NAME = "$(TARGET_NAME)";
				SWIFT_OBJC_BRIDGING_HEADER = "ISPMIOT/App/Resources/ISPMIOT-Bridging-Header.h";
				SWIFT_VERSION = 4.2;
				TARGETED_DEVICE_FAMILY = "1,2";
			};
			name = Release;
		};
/* End XCBuildConfiguration section */

/* Begin XCConfigurationList section */
		9877416F21BBBE60009A238B /* Build configuration list for PBXProject "ISPMIOT" */ = {
			isa = XCConfigurationList;
			buildConfigurations = (
				9877418421BBBE62009A238B /* Debug */,
				9877418521BBBE62009A238B /* Release */,
			);
			defaultConfigurationIsVisible = 0;
			defaultConfigurationName = Release;
		};
		9877418621BBBE62009A238B /* Build configuration list for PBXNativeTarget "ISPMIOT" */ = {
			isa = XCConfigurationList;
			buildConfigurations = (
				9877418721BBBE62009A238B /* Debug */,
				9877418821BBBE62009A238B /* Release */,
			);
			defaultConfigurationIsVisible = 0;
			defaultConfigurationName = Release;
		};
/* End XCConfigurationList section */
	};
	rootObject = 9877416C21BBBE60009A238B /* Project object */;
}
